{
  "requires": true,
  "lockfileVersion": 1,
  "dependencies": {
    "fuse.js": {
      "version": "6.4.6",
      "resolved": "https://registry.npm.taobao.org/fuse.js/download/fuse.js-6.4.6.tgz",
      "integrity": "sha1-YvIWwRDlqiJIav8gvniW0ZoFm3k="
    },
    "screenfull": {
      "version": "5.1.0",
      "resolved": "https://registry.npm.taobao.org/screenfull/download/screenfull-5.1.0.tgz?cache=0&sync_timestamp=1608796373175&other_urls=https%3A%2F%2Fregistry.npm.taobao.org%2Fscreenfull%2Fdownload%2Fscreenfull-5.1.0.tgz",
      "integrity": "sha1-hcE8cPTq1MG4qTXHABDf3NLA5cg="
    }
  }
}
